{
  "direct: rubocop-ruby3_0.gemspec\nmodular: gemfiles/modular/documentation.gemfile": [
    {
      "file": ".structuredmerge/kettle-jem.yml",
      "lines": [
        82,
        102
      ]
    }
  ],
  "direct: rubocop-ruby3_0.gemspec\nmodular: gemfiles/modular/style.gemfile": [
    {
      "file": ".structuredmerge/kettle-jem.yml",
      "lines": [
        92,
        97
      ]
    }
  ]
}
