{
  "direct: rubocop-ruby3_0.gemspec\nmodular: gemfiles/modular/documentation.gemfile": [
    {
      "file": ".structuredmerge/kettle-jem.yml",
      "lines": [
        84,
        104
      ]
    }
  ],
  "direct: rubocop-ruby3_0.gemspec\nmodular: gemfiles/modular/style.gemfile": [
    {
      "file": ".structuredmerge/kettle-jem.yml",
      "lines": [
        94,
        99
      ]
    }
  ]
}
